
Microsoft Visual Studio Solution File, Format Version 12.00
# Visual Studio Version 17
VisualStudioVersion = 17.11.35303.130
MinimumVisualStudioVersion = 10.0.40219.1
Project("{9A19103F-16F7-4668-BE54-9A1E7A4F7556}") = "OrderWave", "OrderWave\OrderWave.csproj", "{A1720151-3A45-41D0-9983-222118942143}"
EndProject
Project("{9A19103F-16F7-4668-BE54-9A1E7A4F7556}") = "OrderWave.Android", "OrderWave.Android\OrderWave.Android.csproj", "{DEB8FFD5-D77B-4499-B444-7B452EBFCB9C}"
EndProject
Project("{9A19103F-16F7-4668-BE54-9A1E7A4F7556}") = "OrderWave.Desktop", "OrderWave.Desktop\OrderWave.Desktop.csproj", "{F58A4AF6-635A-4849-BFCB-EEFA3DB33302}"
EndProject
Global
	GlobalSection(SolutionConfigurationPlatforms) = preSolution
		Debug|Any CPU = Debug|Any CPU
		Release|Any CPU = Release|Any CPU
	EndGlobalSection
	GlobalSection(ProjectConfigurationPlatforms) = postSolution
		{A1720151-3A45-41D0-9983-222118942143}.Debug|Any CPU.ActiveCfg = Debug|Any CPU
		{A1720151-3A45-41D0-9983-222118942143}.Debug|Any CPU.Build.0 = Debug|Any CPU
		{A1720151-3A45-41D0-9983-222118942143}.Release|Any CPU.ActiveCfg = Release|Any CPU
		{A1720151-3A45-41D0-9983-222118942143}.Release|Any CPU.Build.0 = Release|Any CPU
		{DEB8FFD5-D77B-4499-B444-7B452EBFCB9C}.Debug|Any CPU.ActiveCfg = Debug|Any CPU
		{DEB8FFD5-D77B-4499-B444-7B452EBFCB9C}.Debug|Any CPU.Build.0 = Debug|Any CPU
		{DEB8FFD5-D77B-4499-B444-7B452EBFCB9C}.Debug|Any CPU.Deploy.0 = Debug|Any CPU
		{DEB8FFD5-D77B-4499-B444-7B452EBFCB9C}.Release|Any CPU.ActiveCfg = Release|Any CPU
		{DEB8FFD5-D77B-4499-B444-7B452EBFCB9C}.Release|Any CPU.Build.0 = Release|Any CPU
		{DEB8FFD5-D77B-4499-B444-7B452EBFCB9C}.Release|Any CPU.Deploy.0 = Release|Any CPU
		{F58A4AF6-635A-4849-BFCB-EEFA3DB33302}.Debug|Any CPU.ActiveCfg = Debug|Any CPU
		{F58A4AF6-635A-4849-BFCB-EEFA3DB33302}.Debug|Any CPU.Build.0 = Debug|Any CPU
		{F58A4AF6-635A-4849-BFCB-EEFA3DB33302}.Release|Any CPU.ActiveCfg = Release|Any CPU
		{F58A4AF6-635A-4849-BFCB-EEFA3DB33302}.Release|Any CPU.Build.0 = Release|Any CPU
	EndGlobalSection
	GlobalSection(SolutionProperties) = preSolution
		HideSolutionNode = FALSE
	EndGlobalSection
	GlobalSection(ExtensibilityGlobals) = postSolution
		SolutionGuid = {0C17BB0F-DFA7-4F36-9587-84CC58681017}
	EndGlobalSection
EndGlobal
